
Microsoft Visual Studio Solution File, Format Version 12.00
# Visual Studio Version 17
VisualStudioVersion = 17.5.33627.172
MinimumVisualStudioVersion = 10.0.40219.1
Project("{FAE04EC0-301F-11D3-BF4B-00C04F79EFBC}") = "FlowChart2", "FlowChart2.csproj", "{9D39EBEB-0154-406A-9E2A-2ACE970118CC}"
EndProject
Project("{FAE04EC0-301F-11D3-BF4B-00C04F79EFBC}") = "PK.Controls", "PK.Controls\PK.Controls.csproj", "{DDC6FBF3-80AF-4717-8E9A-D270664E8359}"
EndProject
Global
	GlobalSection(SolutionConfigurationPlatforms) = preSolution
		Debug|Any CPU = Debug|Any CPU
		Release|Any CPU = Release|Any CPU
	EndGlobalSection
	GlobalSection(ProjectConfigurationPlatforms) = postSolution
		{9D39EBEB-0154-406A-9E2A-2ACE970118CC}.Debug|Any CPU.ActiveCfg = Debug|Any CPU
		{9D39EBEB-0154-406A-9E2A-2ACE970118CC}.Debug|Any CPU.Build.0 = Debug|Any CPU
		{9D39EBEB-0154-406A-9E2A-2ACE970118CC}.Release|Any CPU.ActiveCfg = Release|Any CPU
		{9D39EBEB-0154-406A-9E2A-2ACE970118CC}.Release|Any CPU.Build.0 = Release|Any CPU
		{DDC6FBF3-80AF-4717-8E9A-D270664E8359}.Debug|Any CPU.ActiveCfg = Debug|Any CPU
		{DDC6FBF3-80AF-4717-8E9A-D270664E8359}.Debug|Any CPU.Build.0 = Debug|Any CPU
		{DDC6FBF3-80AF-4717-8E9A-D270664E8359}.Release|Any CPU.ActiveCfg = Release|Any CPU
		{DDC6FBF3-80AF-4717-8E9A-D270664E8359}.Release|Any CPU.Build.0 = Release|Any CPU
	EndGlobalSection
	GlobalSection(SolutionProperties) = preSolution
		HideSolutionNode = FALSE
	EndGlobalSection
	GlobalSection(ExtensibilityGlobals) = postSolution
		SolutionGuid = {0D88FD05-684E-4F90-8956-811207C425CC}
	EndGlobalSection
EndGlobal
